{
  "name": "M3Reto2",
  "lockfileVersion": 2,
  "requires": true,
  "packages": {
    "": {
      "dependencies": {
        "linebyline": "^1.3.0",
        "promises": "^0.2.5",
        "readline": "^1.3.0"
      }
    },
    "node_modules/linebyline": {
      "version": "1.3.0",
      "resolved": "https://registry.npmjs.org/linebyline/-/linebyline-1.3.0.tgz",
      "integrity": "sha1-bvVM6rgy0j94Qe0vKW/psvba3pQ="
    },
    "node_modules/promises": {
      "version": "0.2.5",
      "resolved": "https://registry.npmjs.org/promises/-/promises-0.2.5.tgz",
      "integrity": "sha1-X1lHxR7S0p1H6Nzz4Vj0wadesx0="
    },
    "node_modules/readline": {
      "version": "1.3.0",
      "resolved": "https://registry.npmjs.org/readline/-/readline-1.3.0.tgz",
      "integrity": "sha1-xYDXfvLPyHUrEySYBg3JeTp6wBw="
    }
  },
  "dependencies": {
    "linebyline": {
      "version": "1.3.0",
      "resolved": "https://registry.npmjs.org/linebyline/-/linebyline-1.3.0.tgz",
      "integrity": "sha1-bvVM6rgy0j94Qe0vKW/psvba3pQ="
    },
    "promises": {
      "version": "0.2.5",
      "resolved": "https://registry.npmjs.org/promises/-/promises-0.2.5.tgz",
      "integrity": "sha1-X1lHxR7S0p1H6Nzz4Vj0wadesx0="
    },
    "readline": {
      "version": "1.3.0",
      "resolved": "https://registry.npmjs.org/readline/-/readline-1.3.0.tgz",
      "integrity": "sha1-xYDXfvLPyHUrEySYBg3JeTp6wBw="
    }
  }
}
